
Microsoft Visual Studio Solution File, Format Version 12.00
# Visual Studio Version 17
VisualStudioVersion = 17.11.35222.181
MinimumVisualStudioVersion = 10.0.40219.1
Project("{FAE04EC0-301F-11D3-BF4B-00C04F79EFBC}") = "DemoWeb_01", "DemoWeb_01\DemoWeb_01.csproj", "{00FBA8B4-3CB7-4141-BAC5-4D521EAB9DBE}"
EndProject
Global
	GlobalSection(SolutionConfigurationPlatforms) = preSolution
		Debug|Any CPU = Debug|Any CPU
		Release|Any CPU = Release|Any CPU
	EndGlobalSection
	GlobalSection(ProjectConfigurationPlatforms) = postSolution
		{00FBA8B4-3CB7-4141-BAC5-4D521EAB9DBE}.Debug|Any CPU.ActiveCfg = Debug|Any CPU
		{00FBA8B4-3CB7-4141-BAC5-4D521EAB9DBE}.Debug|Any CPU.Build.0 = Debug|Any CPU
		{00FBA8B4-3CB7-4141-BAC5-4D521EAB9DBE}.Release|Any CPU.ActiveCfg = Release|Any CPU
		{00FBA8B4-3CB7-4141-BAC5-4D521EAB9DBE}.Release|Any CPU.Build.0 = Release|Any CPU
	EndGlobalSection
	GlobalSection(SolutionProperties) = preSolution
		HideSolutionNode = FALSE
	EndGlobalSection
	GlobalSection(ExtensibilityGlobals) = postSolution
		SolutionGuid = {1B46D4C1-6A75-4C15-A7A9-7242189BE348}
	EndGlobalSection
EndGlobal
